<?xml version="1.0" encoding="UTF-8"?>
<CONFIG>
  <ProjectOptions>
    <Version Value="9"/>
    <PathDelim Value="\"/>
    <General>
      <SessionStorage Value="InProjectDir"/>
      <MainUnit Value="0"/>
      <Title Value="timingtool"/>
      <ResourceType Value="res"/>
      <UseXPManifest Value="True"/>
      <Icon Value="0"/>
    </General>
    <i18n>
      <EnableI18N LFM="False"/>
    </i18n>
    <VersionInfo>
      <StringTable ProductVersion=""/>
    </VersionInfo>
    <BuildModes Count="1">
      <Item1 Name="Default" Default="True"/>
    </BuildModes>
    <PublishOptions>
      <Version Value="2"/>
    </PublishOptions>
    <RunParams>
      <local>
        <FormatVersion Value="1"/>
      </local>
    </RunParams>
    <RequiredPackages Count="3">
      <Item1>
        <PackageName Value="LazControls"/>
      </Item1>
      <Item2>
        <PackageName Value="TAChartLazarusPkg"/>
      </Item2>
      <Item3>
        <PackageName Value="LCL"/>
      </Item3>
    </RequiredPackages>
    <Units Count="17">
      <Unit0>
        <Filename Value="timingtool.lpr"/>
        <IsPartOfProject Value="True"/>
      </Unit0>
      <Unit1>
        <Filename Value="mainformu.pas"/>
        <IsPartOfProject Value="True"/>
        <ComponentName Value="TimingForm"/>
        <HasResources Value="True"/>
        <ResourceBaseClass Value="Form"/>
        <UnitName Value="mainformu"/>
      </Unit1>
      <Unit2>
        <Filename Value="ltegraph.pas"/>
        <IsPartOfProject Value="True"/>
        <UnitName Value="LteGraph"/>
      </Unit2>
      <Unit3>
        <Filename Value="timingreader.pas"/>
        <IsPartOfProject Value="True"/>
        <UnitName Value="TimingReader"/>
      </Unit3>
      <Unit4>
        <Filename Value="unit1.pas"/>
        <IsPartOfProject Value="True"/>
      </Unit4>
      <Unit5>
        <Filename Value="mousetool.pas"/>
        <IsPartOfProject Value="True"/>
        <UnitName Value="mousetool"/>
      </Unit5>
      <Unit6>
        <Filename Value="helpformu.pas"/>
        <IsPartOfProject Value="True"/>
        <ComponentName Value="SuTimingHelpForm"/>
        <HasResources Value="True"/>
        <ResourceBaseClass Value="Form"/>
      </Unit6>
      <Unit7>
        <Filename Value="settingsu.pas"/>
        <IsPartOfProject Value="True"/>
        <ComponentName Value="SuTmingOptionForm"/>
        <HasResources Value="True"/>
        <ResourceBaseClass Value="Form"/>
      </Unit7>
      <Unit8>
        <Filename Value="..\superobject\superobject.pas"/>
        <IsPartOfProject Value="True"/>
      </Unit8>
      <Unit9>
        <Filename Value="timingloadingformu.pas"/>
        <IsPartOfProject Value="True"/>
        <ComponentName Value="TimingLoadingForm"/>
        <HasResources Value="True"/>
        <ResourceBaseClass Value="Form"/>
        <UnitName Value="timingloadingformu"/>
      </Unit9>
      <Unit10>
        <Filename Value="ex_logparser_su.pas"/>
        <IsPartOfProject Value="True"/>
        <UnitName Value="ex_logparser_su"/>
      </Unit10>
      <Unit11>
        <Filename Value="klib.pas"/>
        <IsPartOfProject Value="True"/>
        <UnitName Value="KLib"/>
      </Unit11>
      <Unit12>
        <Filename Value="timinggraph.pas"/>
        <IsPartOfProject Value="True"/>
        <UnitName Value="TimingGraph"/>
      </Unit12>
      <Unit13>
        <Filename Value="tdsgraph.pas"/>
        <IsPartOfProject Value="True"/>
      </Unit13>
      <Unit14>
        <Filename Value="ex_logparser_tds.pas"/>
        <IsPartOfProject Value="True"/>
        <UnitName Value="ex_logparser_tds"/>
      </Unit14>
      <Unit15>
        <Filename Value="quickloadformu.pas"/>
        <IsPartOfProject Value="True"/>
        <ComponentName Value="QuickLoadForm"/>
        <HasResources Value="True"/>
        <ResourceBaseClass Value="Form"/>
      </Unit15>
      <Unit16>
        <Filename Value="ex_sleep_check.pas"/>
        <IsPartOfProject Value="True"/>
        <UnitName Value="ex_sleep_check"/>
      </Unit16>
    </Units>
  </ProjectOptions>
  <CompilerOptions>
    <Version Value="11"/>
    <PathDelim Value="\"/>
    <Target>
      <Filename Value="timingtool"/>
    </Target>
    <SearchPaths>
      <IncludeFiles Value="$(ProjOutDir)"/>
      <OtherUnitFiles Value="..\superobject"/>
      <UnitOutputDirectory Value="lib\$(TargetCPU)-$(TargetOS)"/>
    </SearchPaths>
    <Linking>
      <Options>
        <Win32>
          <GraphicApplication Value="True"/>
        </Win32>
      </Options>
    </Linking>
  </CompilerOptions>
  <Debugging>
    <Exceptions Count="3">
      <Item1>
        <Name Value="EAbort"/>
      </Item1>
      <Item2>
        <Name Value="ECodetoolError"/>
      </Item2>
      <Item3>
        <Name Value="EFOpenError"/>
      </Item3>
    </Exceptions>
  </Debugging>
</CONFIG>
